
Microsoft Visual Studio Solution File, Format Version 12.00
# Visual Studio Version 17
VisualStudioVersion = 17.1.32414.318
MinimumVisualStudioVersion = 10.0.40219.1
Project("{9A19103F-16F7-4668-BE54-9A1E7A4F7556}") = "Dominio", "Dominio\Dominio.csproj", "{F399F854-6295-4BE1-96C3-743385A1F573}"
EndProject
Project("{9A19103F-16F7-4668-BE54-9A1E7A4F7556}") = "InterfazConsola", "Interfaz\InterfazConsola.csproj", "{B0B7317D-96DF-453C-A64E-46B2AD02D6B0}"
EndProject
Global
	GlobalSection(SolutionConfigurationPlatforms) = preSolution
		Debug|Any CPU = Debug|Any CPU
		Release|Any CPU = Release|Any CPU
	EndGlobalSection
	GlobalSection(ProjectConfigurationPlatforms) = postSolution
		{F399F854-6295-4BE1-96C3-743385A1F573}.Debug|Any CPU.ActiveCfg = Debug|Any CPU
		{F399F854-6295-4BE1-96C3-743385A1F573}.Debug|Any CPU.Build.0 = Debug|Any CPU
		{F399F854-6295-4BE1-96C3-743385A1F573}.Release|Any CPU.ActiveCfg = Release|Any CPU
		{F399F854-6295-4BE1-96C3-743385A1F573}.Release|Any CPU.Build.0 = Release|Any CPU
		{B0B7317D-96DF-453C-A64E-46B2AD02D6B0}.Debug|Any CPU.ActiveCfg = Debug|Any CPU
		{B0B7317D-96DF-453C-A64E-46B2AD02D6B0}.Debug|Any CPU.Build.0 = Debug|Any CPU
		{B0B7317D-96DF-453C-A64E-46B2AD02D6B0}.Release|Any CPU.ActiveCfg = Release|Any CPU
		{B0B7317D-96DF-453C-A64E-46B2AD02D6B0}.Release|Any CPU.Build.0 = Release|Any CPU
	EndGlobalSection
	GlobalSection(SolutionProperties) = preSolution
		HideSolutionNode = FALSE
	EndGlobalSection
	GlobalSection(ExtensibilityGlobals) = postSolution
		SolutionGuid = {630DF9E6-E2C1-42D1-9CB5-9AAA4A5BBB5B}
	EndGlobalSection
EndGlobal
